
Microsoft Visual Studio Solution File, Format Version 12.00
# Visual Studio 15
VisualStudioVersion = 15.0.27703.2026
MinimumVisualStudioVersion = 10.0.40219.1
Project("{FAE04EC0-301F-11D3-BF4B-00C04F79EFBC}") = "Demonology.Test", "Demonology.Test\Demonology.Test.csproj", "{A8C56303-D1CF-4F30-B045-5E98F2952430}"
EndProject
Project("{9A19103F-16F7-4668-BE54-9A1E7A4F7556}") = "Demonology.Prime", "Demonology.Prime\Demonology.Prime.csproj", "{C26DB06F-4DF0-4750-A241-3E62C7F1C7FF}"
EndProject
Global
	GlobalSection(SolutionConfigurationPlatforms) = preSolution
		Debug|Any CPU = Debug|Any CPU
		Release|Any CPU = Release|Any CPU
	EndGlobalSection
	GlobalSection(ProjectConfigurationPlatforms) = postSolution
		{A8C56303-D1CF-4F30-B045-5E98F2952430}.Debug|Any CPU.ActiveCfg = Debug|Any CPU
		{A8C56303-D1CF-4F30-B045-5E98F2952430}.Debug|Any CPU.Build.0 = Debug|Any CPU
		{A8C56303-D1CF-4F30-B045-5E98F2952430}.Release|Any CPU.ActiveCfg = Release|Any CPU
		{A8C56303-D1CF-4F30-B045-5E98F2952430}.Release|Any CPU.Build.0 = Release|Any CPU
		{C26DB06F-4DF0-4750-A241-3E62C7F1C7FF}.Debug|Any CPU.ActiveCfg = Debug|Any CPU
		{C26DB06F-4DF0-4750-A241-3E62C7F1C7FF}.Debug|Any CPU.Build.0 = Debug|Any CPU
		{C26DB06F-4DF0-4750-A241-3E62C7F1C7FF}.Release|Any CPU.ActiveCfg = Release|Any CPU
		{C26DB06F-4DF0-4750-A241-3E62C7F1C7FF}.Release|Any CPU.Build.0 = Release|Any CPU
	EndGlobalSection
	GlobalSection(SolutionProperties) = preSolution
		HideSolutionNode = FALSE
	EndGlobalSection
	GlobalSection(ExtensibilityGlobals) = postSolution
		SolutionGuid = {1B87B554-59E4-4609-92C0-375535F6D735}
	EndGlobalSection
EndGlobal
